PODS:
  - HRLAlgorithms (0.1.0):
    - HRLAlgorithms/Common (= 0.1.0)
    - HRLAlgorithms/K-NN (= 0.1.0)
    - HRLAlgorithms/LearnKit (= 0.1.0)
  - HRLAlgorithms/Common (0.1.0)
  - HRLAlgorithms/K-NN (0.1.0):
    - HRLAlgorithms/Common
    - HRLAlgorithms/LearnKit/K-NN
  - HRLAlgorithms/LearnKit (0.1.0):
    - HRLAlgorithms/LearnKit/Common (= 0.1.0)
    - HRLAlgorithms/LearnKit/K-NN (= 0.1.0)
  - HRLAlgorithms/LearnKit/Common (0.1.0)
  - HRLAlgorithms/LearnKit/K-NN (0.1.0):
    - HRLAlgorithms/LearnKit/Common

DEPENDENCIES:
  - HRLAlgorithms (from `../`)

EXTERNAL SOURCES:
  HRLAlgorithms:
    :path: "../"

SPEC CHECKSUMS:
  HRLAlgorithms: 2b10b42154015edce83941f4466b6df88bd07a34

PODFILE CHECKSUM: 5f5611bcf7bb22a90312f0e215bbb97f2263a89f

COCOAPODS: 1.0.1
